
Microsoft Visual Studio Solution File, Format Version 11.00
# Visual Studio 2010
Project("{FAE04EC0-301F-11D3-BF4B-00C04F79EFBC}") = "RestHttpHandler", "RestHttpHandler\RestHttpHandler.csproj", "{1E1EDDC2-CBEF-4B90-9356-71648FD2FACA}"
EndProject
Project("{FAE04EC0-301F-11D3-BF4B-00C04F79EFBC}") = "DemoHttpHandler", "DemoHttpHandler\DemoHttpHandler.csproj", "{E6B4D90E-4E0A-4945-8FE8-64956EBE2CA1}"
EndProject
Global
	GlobalSection(SolutionConfigurationPlatforms) = preSolution
		Debug|Any CPU = Debug|Any CPU
		Release|Any CPU = Release|Any CPU
	EndGlobalSection
	GlobalSection(ProjectConfigurationPlatforms) = postSolution
		{1E1EDDC2-CBEF-4B90-9356-71648FD2FACA}.Debug|Any CPU.ActiveCfg = Debug|Any CPU
		{1E1EDDC2-CBEF-4B90-9356-71648FD2FACA}.Debug|Any CPU.Build.0 = Debug|Any CPU
		{1E1EDDC2-CBEF-4B90-9356-71648FD2FACA}.Release|Any CPU.ActiveCfg = Release|Any CPU
		{1E1EDDC2-CBEF-4B90-9356-71648FD2FACA}.Release|Any CPU.Build.0 = Release|Any CPU
		{E6B4D90E-4E0A-4945-8FE8-64956EBE2CA1}.Debug|Any CPU.ActiveCfg = Debug|Any CPU
		{E6B4D90E-4E0A-4945-8FE8-64956EBE2CA1}.Debug|Any CPU.Build.0 = Debug|Any CPU
		{E6B4D90E-4E0A-4945-8FE8-64956EBE2CA1}.Release|Any CPU.ActiveCfg = Release|Any CPU
		{E6B4D90E-4E0A-4945-8FE8-64956EBE2CA1}.Release|Any CPU.Build.0 = Release|Any CPU
	EndGlobalSection
	GlobalSection(SolutionProperties) = preSolution
		HideSolutionNode = FALSE
	EndGlobalSection
EndGlobal
